// !$*UTF8*$!
{
	archiveVersion = 1;
	classes = {
	};
	objectVersion = 46;
	objects = {

/* Begin PBXBuildFile section */
		498D4294F35710972B4C45E6 /* Pods_oweUoneUITests.framework in Frameworks */ = {isa = PBXBuildFile; fileRef = CEC3E0FFC49612A6234D093A /* Pods_oweUoneUITests.framework */; };
		54A0C507FEBFBB5C4099FAB5 /* Pods_oweUone.framework in Frameworks */ = {isa = PBXBuildFile; fileRef = 9BCDCAB54628FC1E28FA9D78 /* Pods_oweUone.framework */; };
		81064EC530B1FBB203659504 /* Pods_oweUoneTests.framework in Frameworks */ = {isa = PBXBuildFile; fileRef = E7312C4016D0F51334FF6FF0 /* Pods_oweUoneTests.framework */; };
		AE6807DC1CE56F60004CFE60 /* AppDelegate.swift in Sources */ = {isa = PBXBuildFile; fileRef = AE6807DB1CE56F60004CFE60 /* AppDelegate.swift */; };
		AE6807DE1CE56F60004CFE60 /* ViewController.swift in Sources */ = {isa = PBXBuildFile; fileRef = AE6807DD1CE56F60004CFE60 /* ViewController.swift */; };
		AE6807E11CE56F60004CFE60 /* Main.storyboard in Resources */ = {isa = PBXBuildFile; fileRef = AE6807DF1CE56F60004CFE60 /* Main.storyboard */; };
		AE6807E31CE56F60004CFE60 /* Assets.xcassets in Resources */ = {isa = PBXBuildFile; fileRef = AE6807E21CE56F60004CFE60 /* Assets.xcassets */; };
		AE6807E61CE56F60004CFE60 /* LaunchScreen.storyboard in Resources */ = {isa = PBXBuildFile; fileRef = AE6807E41CE56F60004CFE60 /* LaunchScreen.storyboard */; };
		AE6807F11CE56F60004CFE60 /* oweUoneTests.swift in Sources */ = {isa = PBXBuildFile; fileRef = AE6807F01CE56F60004CFE60 /* oweUoneTests.swift */; };
		AE6807FC1CE56F60004CFE60 /* oweUoneUITests.swift in Sources */ = {isa = PBXBuildFile; fileRef = AE6807FB1CE56F60004CFE60 /* oweUoneUITests.swift */; };
/* End PBXBuildFile section */

/* Begin PBXContainerItemProxy section */
		AE6807ED1CE56F60004CFE60 /* PBXContainerItemProxy */ = {
			isa = PBXContainerItemProxy;
			containerPortal = AE6807D01CE56F60004CFE60 /* Project object */;
			proxyType = 1;
			remoteGlobalIDString = AE6807D71CE56F60004CFE60;
			remoteInfo = oweUone;
		};
		AE6807F81CE56F60004CFE60 /* PBXContainerItemProxy */ = {
			isa = PBXContainerItemProxy;
			containerPortal = AE6807D01CE56F60004CFE60 /* Project object */;
			proxyType = 1;
			remoteGlobalIDString = AE6807D71CE56F60004CFE60;
			remoteInfo = oweUone;
		};
/* End PBXContainerItemProxy section */

/* Begin PBXFileReference section */
		0BB82745D64DAFBC9B15E2D9 /* Pods-oweUoneUITests.debug.xcconfig */ = {isa = PBXFileReference; includeInIndex = 1; lastKnownFileType = text.xcconfig; name = "Pods-oweUoneUITests.debug.xcconfig"; path = "Pods/Target Support Files/Pods-oweUoneUITests/Pods-oweUoneUITests.debug.xcconfig"; sourceTree = "<group>"; };
		452191D7488799BB4BA33FF8 /* Pods-oweUoneUITests.release.xcconfig */ = {isa = PBXFileReference; includeInIndex = 1; lastKnownFileType = text.xcconfig; name = "Pods-oweUoneUITests.release.xcconfig"; path = "Pods/Target Support Files/Pods-oweUoneUITests/Pods-oweUoneUITests.release.xcconfig"; sourceTree = "<group>"; };
		7740061A11A1743BEF3342D3 /* Pods-oweUoneTests.debug.xcconfig */ = {isa = PBXFileReference; includeInIndex = 1; lastKnownFileType = text.xcconfig; name = "Pods-oweUoneTests.debug.xcconfig"; path = "Pods/Target Support Files/Pods-oweUoneTests/Pods-oweUoneTests.debug.xcconfig"; sourceTree = "<group>"; };
		87B46851F2FB9F34F5DCBBCD /* Pods-oweUone.release.xcconfig */ = {isa = PBXFileReference; includeInIndex = 1; lastKnownFileType = text.xcconfig; name = "Pods-oweUone.release.xcconfig"; path = "Pods/Target Support Files/Pods-oweUone/Pods-oweUone.release.xcconfig"; sourceTree = "<group>"; };
		9BCDCAB54628FC1E28FA9D78 /* Pods_oweUone.framework */ = {isa = PBXFileReference; explicitFileType = wrapper.framework; includeInIndex = 0; path = Pods_oweUone.framework; sourceTree = BUILT_PRODUCTS_DIR; };
		AE6807D81CE56F60004CFE60 /* oweUone.app */ = {isa = PBXFileReference; explicitFileType = wrapper.application; includeInIndex = 0; path = oweUone.app; sourceTree = BUILT_PRODUCTS_DIR; };
		AE6807DB1CE56F60004CFE60 /* AppDelegate.swift */ = {isa = PBXFileReference; lastKnownFileType = sourcecode.swift; path = AppDelegate.swift; sourceTree = "<group>"; };
		AE6807DD1CE56F60004CFE60 /* ViewController.swift */ = {isa = PBXFileReference; lastKnownFileType = sourcecode.swift; path = ViewController.swift; sourceTree = "<group>"; };
		AE6807E01CE56F60004CFE60 /* Base */ = {isa = PBXFileReference; lastKnownFileType = file.storyboard; name = Base; path = Base.lproj/Main.storyboard; sourceTree = "<group>"; };
		AE6807E21CE56F60004CFE60 /* Assets.xcassets */ = {isa = PBXFileReference; lastKnownFileType = folder.assetcatalog; path = Assets.xcassets; sourceTree = "<group>"; };
		AE6807E51CE56F60004CFE60 /* Base */ = {isa = PBXFileReference; lastKnownFileType = file.storyboard; name = Base; path = Base.lproj/LaunchScreen.storyboard; sourceTree = "<group>"; };
		AE6807E71CE56F60004CFE60 /* Info.plist */ = {isa = PBXFileReference; lastKnownFileType = text.plist.xml; path = Info.plist; sourceTree = "<group>"; };
		AE6807EC1CE56F60004CFE60 /* oweUoneTests.xctest */ = {isa = PBXFileReference; explicitFileType = wrapper.cfbundle; includeInIndex = 0; path = oweUoneTests.xctest; sourceTree = BUILT_PRODUCTS_DIR; };
		AE6807F01CE56F60004CFE60 /* oweUoneTests.swift */ = {isa = PBXFileReference; lastKnownFileType = sourcecode.swift; path = oweUoneTests.swift; sourceTree = "<group>"; };
		AE6807F21CE56F60004CFE60 /* Info.plist */ = {isa = PBXFileReference; lastKnownFileType = text.plist.xml; path = Info.plist; sourceTree = "<group>"; };
		AE6807F71CE56F60004CFE60 /* oweUoneUITests.xctest */ = {isa = PBXFileReference; explicitFileType = wrapper.cfbundle; includeInIndex = 0; path = oweUoneUITests.xctest; sourceTree = BUILT_PRODUCTS_DIR; };
		AE6807FB1CE56F60004CFE60 /* oweUoneUITests.swift */ = {isa = PBXFileReference; lastKnownFileType = sourcecode.swift; path = oweUoneUITests.swift; sourceTree = "<group>"; };
		AE6807FD1CE56F60004CFE60 /* Info.plist */ = {isa = PBXFileReference; lastKnownFileType = text.plist.xml; path = Info.plist; sourceTree = "<group>"; };
		CEC3E0FFC49612A6234D093A /* Pods_oweUoneUITests.framework */ = {isa = PBXFileReference; explicitFileType = wrapper.framework; includeInIndex = 0; path = Pods_oweUoneUITests.framework; sourceTree = BUILT_PRODUCTS_DIR; };
		D1FFA2C9C97360C54A165A27 /* Pods-oweUone.debug.xcconfig */ = {isa = PBXFileReference; includeInIndex = 1; lastKnownFileType = text.xcconfig; name = "Pods-oweUone.debug.xcconfig"; path = "Pods/Target Support Files/Pods-oweUone/Pods-oweUone.debug.xcconfig"; sourceTree = "<group>"; };
		E7312C4016D0F51334FF6FF0 /* Pods_oweUoneTests.framework */ = {isa = PBXFileReference; explicitFileType = wrapper.framework; includeInIndex = 0; path = Pods_oweUoneTests.framework; sourceTree = BUILT_PRODUCTS_DIR; };
		F6F56D844ABE508C71D7FA0B /* Pods-oweUoneTests.release.xcconfig */ = {isa = PBXFileReference; includeInIndex = 1; lastKnownFileType = text.xcconfig; name = "Pods-oweUoneTests.release.xcconfig"; path = "Pods/Target Support Files/Pods-oweUoneTests/Pods-oweUoneTests.release.xcconfig"; sourceTree = "<group>"; };
/* End PBXFileReference section */

/* Begin PBXFrameworksBuildPhase section */
		AE6807D51CE56F60004CFE60 /* Frameworks */ = {
			isa = PBXFrameworksBuildPhase;
			buildActionMask = 2147483647;
			files = (
				54A0C507FEBFBB5C4099FAB5 /* Pods_oweUone.framework in Frameworks */,
			);
			runOnlyForDeploymentPostprocessing = 0;
		};
		AE6807E91CE56F60004CFE60 /* Frameworks */ = {
			isa = PBXFrameworksBuildPhase;
			buildActionMask = 2147483647;
			files = (
				81064EC530B1FBB203659504 /* Pods_oweUoneTests.framework in Frameworks */,
			);
			runOnlyForDeploymentPostprocessing = 0;
		};
		AE6807F41CE56F60004CFE60 /* Frameworks */ = {
			isa = PBXFrameworksBuildPhase;
			buildActionMask = 2147483647;
			files = (
				498D4294F35710972B4C45E6 /* Pods_oweUoneUITests.framework in Frameworks */,
			);
			runOnlyForDeploymentPostprocessing = 0;
		};
/* End PBXFrameworksBuildPhase section */

/* Begin PBXGroup section */
		0DA01757D2AB177849520F58 /* Frameworks */ = {
			isa = PBXGroup;
			children = (
				9BCDCAB54628FC1E28FA9D78 /* Pods_oweUone.framework */,
				E7312C4016D0F51334FF6FF0 /* Pods_oweUoneTests.framework */,
				CEC3E0FFC49612A6234D093A /* Pods_oweUoneUITests.framework */,
			);
			name = Frameworks;
			sourceTree = "<group>";
		};
		AE6807CF1CE56F60004CFE60 = {
			isa = PBXGroup;
			children = (
				AE6807DA1CE56F60004CFE60 /* oweUone */,
				AE6807EF1CE56F60004CFE60 /* oweUoneTests */,
				AE6807FA1CE56F60004CFE60 /* oweUoneUITests */,
				AE6807D91CE56F60004CFE60 /* Products */,
				B510DF0B4E7DC66A7A816918 /* Pods */,
				0DA01757D2AB177849520F58 /* Frameworks */,
			);
			sourceTree = "<group>";
		};
		AE6807D91CE56F60004CFE60 /* Products */ = {
			isa = PBXGroup;
			children = (
				AE6807D81CE56F60004CFE60 /* oweUone.app */,
				AE6807EC1CE56F60004CFE60 /* oweUoneTests.xctest */,
				AE6807F71CE56F60004CFE60 /* oweUoneUITests.xctest */,
			);
			name = Products;
			sourceTree = "<group>";
		};
		AE6807DA1CE56F60004CFE60 /* oweUone */ = {
			isa = PBXGroup;
			children = (
				AE6807DB1CE56F60004CFE60 /* AppDelegate.swift */,
				AE6807DD1CE56F60004CFE60 /* ViewController.swift */,
				AE6807DF1CE56F60004CFE60 /* Main.storyboard */,
				AE6807E21CE56F60004CFE60 /* Assets.xcassets */,
				AE6807E41CE56F60004CFE60 /* LaunchScreen.storyboard */,
				AE6807E71CE56F60004CFE60 /* Info.plist */,
			);
			path = oweUone;
			sourceTree = "<group>";
		};
		AE6807EF1CE56F60004CFE60 /* oweUoneTests */ = {
			isa = PBXGroup;
			children = (
				AE6807F01CE56F60004CFE60 /* oweUoneTests.swift */,
				AE6807F21CE56F60004CFE60 /* Info.plist */,
			);
			path = oweUoneTests;
			sourceTree = "<group>";
		};
		AE6807FA1CE56F60004CFE60 /* oweUoneUITests */ = {
			isa = PBXGroup;
			children = (
				AE6807FB1CE56F60004CFE60 /* oweUoneUITests.swift */,
				AE6807FD1CE56F60004CFE60 /* Info.plist */,
			);
			path = oweUoneUITests;
			sourceTree = "<group>";
		};
		B510DF0B4E7DC66A7A816918 /* Pods */ = {
			isa = PBXGroup;
			children = (
				D1FFA2C9C97360C54A165A27 /* Pods-oweUone.debug.xcconfig */,
				87B46851F2FB9F34F5DCBBCD /* Pods-oweUone.release.xcconfig */,
				7740061A11A1743BEF3342D3 /* Pods-oweUoneTests.debug.xcconfig */,
				F6F56D844ABE508C71D7FA0B /* Pods-oweUoneTests.release.xcconfig */,
				0BB82745D64DAFBC9B15E2D9 /* Pods-oweUoneUITests.debug.xcconfig */,
				452191D7488799BB4BA33FF8 /* Pods-oweUoneUITests.release.xcconfig */,
			);
			name = Pods;
			sourceTree = "<group>";
		};
/* End PBXGroup section */

/* Begin PBXNativeTarget section */
		AE6807D71CE56F60004CFE60 /* oweUone */ = {
			isa = PBXNativeTarget;
			buildConfigurationList = AE6808001CE56F60004CFE60 /* Build configuration list for PBXNativeTarget "oweUone" */;
			buildPhases = (
				0CB7AC6A8EA3A54FFAA8C79E /* 📦 Check Pods Manifest.lock */,
				AE6807D41CE56F60004CFE60 /* Sources */,
				AE6807D51CE56F60004CFE60 /* Frameworks */,
				AE6807D61CE56F60004CFE60 /* Resources */,
				C2D57B795E0C161D25C7C234 /* 📦 Embed Pods Frameworks */,
				9DC76E6AE27A146EF59145B4 /* 📦 Copy Pods Resources */,
			);
			buildRules = (
			);
			dependencies = (
			);
			name = oweUone;
			productName = oweUone;
			productReference = AE6807D81CE56F60004CFE60 /* oweUone.app */;
			productType = "com.apple.product-type.application";
		};
		AE6807EB1CE56F60004CFE60 /* oweUoneTests */ = {
			isa = PBXNativeTarget;
			buildConfigurationList = AE6808031CE56F60004CFE60 /* Build configuration list for PBXNativeTarget "oweUoneTests" */;
			buildPhases = (
				091A9CF0CA2B8D6639CE6119 /* 📦 Check Pods Manifest.lock */,
				AE6807E81CE56F60004CFE60 /* Sources */,
				AE6807E91CE56F60004CFE60 /* Frameworks */,
				AE6807EA1CE56F60004CFE60 /* Resources */,
				79B41231EA5252C33E4397E4 /* 📦 Embed Pods Frameworks */,
				5E9A80A3BF1F1B7F2B52FAFC /* 📦 Copy Pods Resources */,
			);
			buildRules = (
			);
			dependencies = (
				AE6807EE1CE56F60004CFE60 /* PBXTargetDependency */,
			);
			name = oweUoneTests;
			productName = oweUoneTests;
			productReference = AE6807EC1CE56F60004CFE60 /* oweUoneTests.xctest */;
			productType = "com.apple.product-type.bundle.unit-test";
		};
		AE6807F61CE56F60004CFE60 /* oweUoneUITests */ = {
			isa = PBXNativeTarget;
			buildConfigurationList = AE6808061CE56F60004CFE60 /* Build configuration list for PBXNativeTarget "oweUoneUITests" */;
			buildPhases = (
				B070EB053AA004B60801BB30 /* 📦 Check Pods Manifest.lock */,
				AE6807F31CE56F60004CFE60 /* Sources */,
				AE6807F41CE56F60004CFE60 /* Frameworks */,
				AE6807F51CE56F60004CFE60 /* Resources */,
				8C545011583E9C8AD18082C0 /* 📦 Copy Pods Resources */,
			);
			buildRules = (
			);
			dependencies = (
				AE6807F91CE56F60004CFE60 /* PBXTargetDependency */,
			);
			name = oweUoneUITests;
			productName = oweUoneUITests;
			productReference = AE6807F71CE56F60004CFE60 /* oweUoneUITests.xctest */;
			productType = "com.apple.product-type.bundle.ui-testing";
		};
/* End PBXNativeTarget section */

/* Begin PBXProject section */
		AE6807D01CE56F60004CFE60 /* Project object */ = {
			isa = PBXProject;
			attributes = {
				LastSwiftUpdateCheck = 0730;
				LastUpgradeCheck = 0730;
				ORGANIZATIONNAME = "Xiaowen Feng, Peter Freschi, Quynh Huynh";
				TargetAttributes = {
					AE6807D71CE56F60004CFE60 = {
						CreatedOnToolsVersion = 7.3;
						DevelopmentTeam = 33G7MEJKT7;
					};
					AE6807EB1CE56F60004CFE60 = {
						CreatedOnToolsVersion = 7.3;
						DevelopmentTeam = 33G7MEJKT7;
						TestTargetID = AE6807D71CE56F60004CFE60;
					};
					AE6807F61CE56F60004CFE60 = {
						CreatedOnToolsVersion = 7.3;
						DevelopmentTeam = 33G7MEJKT7;
						TestTargetID = AE6807D71CE56F60004CFE60;
					};
				};
			};
			buildConfigurationList = AE6807D31CE56F60004CFE60 /* Build configuration list for PBXProject "oweUone" */;
			compatibilityVersion = "Xcode 3.2";
			developmentRegion = English;
			hasScannedForEncodings = 0;
			knownRegions = (
				en,
				Base,
			);
			mainGroup = AE6807CF1CE56F60004CFE60;
			productRefGroup = AE6807D91CE56F60004CFE60 /* Products */;
			projectDirPath = "";
			projectRoot = "";
			targets = (
				AE6807D71CE56F60004CFE60 /* oweUone */,
				AE6807EB1CE56F60004CFE60 /* oweUoneTests */,
				AE6807F61CE56F60004CFE60 /* oweUoneUITests */,
			);
		};
/* End PBXProject section */

/* Begin PBXResourcesBuildPhase section */
		AE6807D61CE56F60004CFE60 /* Resources */ = {
			isa = PBXResourcesBuildPhase;
			buildActionMask = 2147483647;
			files = (
				AE6807E61CE56F60004CFE60 /* LaunchScreen.storyboard in Resources */,
				AE6807E31CE56F60004CFE60 /* Assets.xcassets in Resources */,
				AE6807E11CE56F60004CFE60 /* Main.storyboard in Resources */,
			);
			runOnlyForDeploymentPostprocessing = 0;
		};
		AE6807EA1CE56F60004CFE60 /* Resources */ = {
			isa = PBXResourcesBuildPhase;
			buildActionMask = 2147483647;
			files = (
			);
			runOnlyForDeploymentPostprocessing = 0;
		};
		AE6807F51CE56F60004CFE60 /* Resources */ = {
			isa = PBXResourcesBuildPhase;
			buildActionMask = 2147483647;
			files = (
			);
			runOnlyForDeploymentPostprocessing = 0;
		};
/* End PBXResourcesBuildPhase section */

/* Begin PBXShellScriptBuildPhase section */
		091A9CF0CA2B8D6639CE6119 /* 📦 Check Pods Manifest.lock */ = {
			isa = PBXShellScriptBuildPhase;
			buildActionMask = 2147483647;
			files = (
			);
			inputPaths = (
			);
			name = "📦 Check Pods Manifest.lock";
			outputPaths = (
			);
			runOnlyForDeploymentPostprocessing = 0;
			shellPath = /bin/sh;
			shellScript = "diff \"${PODS_ROOT}/../Podfile.lock\" \"${PODS_ROOT}/Manifest.lock\" > /dev/null\nif [[ $? != 0 ]] ; then\n    cat << EOM\nerror: The sandbox is not in sync with the Podfile.lock. Run 'pod install' or update your CocoaPods installation.\nEOM\n    exit 1\nfi\n";
			showEnvVarsInLog = 0;
		};
		0CB7AC6A8EA3A54FFAA8C79E /* 📦 Check Pods Manifest.lock */ = {
			isa = PBXShellScriptBuildPhase;
			buildActionMask = 2147483647;
			files = (
			);
			inputPaths = (
			);
			name = "📦 Check Pods Manifest.lock";
			outputPaths = (
			);
			runOnlyForDeploymentPostprocessing = 0;
			shellPath = /bin/sh;
			shellScript = "diff \"${PODS_ROOT}/../Podfile.lock\" \"${PODS_ROOT}/Manifest.lock\" > /dev/null\nif [[ $? != 0 ]] ; then\n    cat << EOM\nerror: The sandbox is not in sync with the Podfile.lock. Run 'pod install' or update your CocoaPods installation.\nEOM\n    exit 1\nfi\n";
			showEnvVarsInLog = 0;
		};
		5E9A80A3BF1F1B7F2B52FAFC /* 📦 Copy Pods Resources */ = {
			isa = PBXShellScriptBuildPhase;
			buildActionMask = 2147483647;
			files = (
			);
			inputPaths = (
			);
			name = "📦 Copy Pods Resources";
			outputPaths = (
			);
			runOnlyForDeploymentPostprocessing = 0;
			shellPath = /bin/sh;
			shellScript = "\"${SRCROOT}/Pods/Target Support Files/Pods-oweUoneTests/Pods-oweUoneTests-resources.sh\"\n";
			showEnvVarsInLog = 0;
		};
		79B41231EA5252C33E4397E4 /* 📦 Embed Pods Frameworks */ = {
			isa = PBXShellScriptBuildPhase;
			buildActionMask = 2147483647;
			files = (
			);
			inputPaths = (
			);
			name = "📦 Embed Pods Frameworks";
			outputPaths = (
			);
			runOnlyForDeploymentPostprocessing = 0;
			shellPath = /bin/sh;
			shellScript = "\"${SRCROOT}/Pods/Target Support Files/Pods-oweUoneTests/Pods-oweUoneTests-frameworks.sh\"\n";
			showEnvVarsInLog = 0;
		};
		8C545011583E9C8AD18082C0 /* 📦 Copy Pods Resources */ = {
			isa = PBXShellScriptBuildPhase;
			buildActionMask = 2147483647;
			files = (
			);
			inputPaths = (
			);
			name = "📦 Copy Pods Resources";
			outputPaths = (
			);
			runOnlyForDeploymentPostprocessing = 0;
			shellPath = /bin/sh;
			shellScript = "\"${SRCROOT}/Pods/Target Support Files/Pods-oweUoneUITests/Pods-oweUoneUITests-resources.sh\"\n";
			showEnvVarsInLog = 0;
		};
		9DC76E6AE27A146EF59145B4 /* 📦 Copy Pods Resources */ = {
			isa = PBXShellScriptBuildPhase;
			buildActionMask = 2147483647;
			files = (
			);
			inputPaths = (
			);
			name = "📦 Copy Pods Resources";
			outputPaths = (
			);
			runOnlyForDeploymentPostprocessing = 0;
			shellPath = /bin/sh;
			shellScript = "\"${SRCROOT}/Pods/Target Support Files/Pods-oweUone/Pods-oweUone-resources.sh\"\n";
			showEnvVarsInLog = 0;
		};
		B070EB053AA004B60801BB30 /* 📦 Check Pods Manifest.lock */ = {
			isa = PBXShellScriptBuildPhase;
			buildActionMask = 2147483647;
			files = (
			);
			inputPaths = (
			);
			name = "📦 Check Pods Manifest.lock";
			outputPaths = (
			);
			runOnlyForDeploymentPostprocessing = 0;
			shellPath = /bin/sh;
			shellScript = "diff \"${PODS_ROOT}/../Podfile.lock\" \"${PODS_ROOT}/Manifest.lock\" > /dev/null\nif [[ $? != 0 ]] ; then\n    cat << EOM\nerror: The sandbox is not in sync with the Podfile.lock. Run 'pod install' or update your CocoaPods installation.\nEOM\n    exit 1\nfi\n";
			showEnvVarsInLog = 0;
		};
		C2D57B795E0C161D25C7C234 /* 📦 Embed Pods Frameworks */ = {
			isa = PBXShellScriptBuildPhase;
			buildActionMask = 2147483647;
			files = (
			);
			inputPaths = (
			);
			name = "📦 Embed Pods Frameworks";
			outputPaths = (
			);
			runOnlyForDeploymentPostprocessing = 0;
			shellPath = /bin/sh;
			shellScript = "\"${SRCROOT}/Pods/Target Support Files/Pods-oweUone/Pods-oweUone-frameworks.sh\"\n";
			showEnvVarsInLog = 0;
		};
/* End PBXShellScriptBuildPhase section */

/* Begin PBXSourcesBuildPhase section */
		AE6807D41CE56F60004CFE60 /* Sources */ = {
			isa = PBXSourcesBuildPhase;
			buildActionMask = 2147483647;
			files = (
				AE6807DE1CE56F60004CFE60 /* ViewController.swift in Sources */,
				AE6807DC1CE56F60004CFE60 /* AppDelegate.swift in Sources */,
			);
			runOnlyForDeploymentPostprocessing = 0;
		};
		AE6807E81CE56F60004CFE60 /* Sources */ = {
			isa = PBXSourcesBuildPhase;
			buildActionMask = 2147483647;
			files = (
				AE6807F11CE56F60004CFE60 /* oweUoneTests.swift in Sources */,
			);
			runOnlyForDeploymentPostprocessing = 0;
		};
		AE6807F31CE56F60004CFE60 /* Sources */ = {
			isa = PBXSourcesBuildPhase;
			buildActionMask = 2147483647;
			files = (
				AE6807FC1CE56F60004CFE60 /* oweUoneUITests.swift in Sources */,
			);
			runOnlyForDeploymentPostprocessing = 0;
		};
/* End PBXSourcesBuildPhase section */

/* Begin PBXTargetDependency section */
		AE6807EE1CE56F60004CFE60 /* PBXTargetDependency */ = {
			isa = PBXTargetDependency;
			target = AE6807D71CE56F60004CFE60 /* oweUone */;
			targetProxy = AE6807ED1CE56F60004CFE60 /* PBXContainerItemProxy */;
		};
		AE6807F91CE56F60004CFE60 /* PBXTargetDependency */ = {
			isa = PBXTargetDependency;
			target = AE6807D71CE56F60004CFE60 /* oweUone */;
			targetProxy = AE6807F81CE56F60004CFE60 /* PBXContainerItemProxy */;
		};
/* End PBXTargetDependency section */

/* Begin PBXVariantGroup section */
		AE6807DF1CE56F60004CFE60 /* Main.storyboard */ = {
			isa = PBXVariantGroup;
			children = (
				AE6807E01CE56F60004CFE60 /* Base */,
			);
			name = Main.storyboard;
			sourceTree = "<group>";
		};
		AE6807E41CE56F60004CFE60 /* LaunchScreen.storyboard */ = {
			isa = PBXVariantGroup;
			children = (
				AE6807E51CE56F60004CFE60 /* Base */,
			);
			name = LaunchScreen.storyboard;
			sourceTree = "<group>";
		};
/* End PBXVariantGroup section */

/* Begin XCBuildConfiguration section */
		AE6807FE1CE56F60004CFE60 /* Debug */ = {
			isa = XCBuildConfiguration;
			buildSettings = {
				ALWAYS_SEARCH_USER_PATHS = NO;
				CLANG_ANALYZER_NONNULL = YES;
				CLANG_CXX_LANGUAGE_STANDARD = "gnu++0x";
				CLANG_CXX_LIBRARY = "libc++";
				CLANG_ENABLE_MODULES = YES;
				CLANG_ENABLE_OBJC_ARC = YES;
				CLANG_WARN_BOOL_CONVERSION = YES;
				CLANG_WARN_CONSTANT_CONVERSION = YES;
				CLANG_WARN_DIRECT_OBJC_ISA_USAGE = YES_ERROR;
				CLANG_WARN_EMPTY_BODY = YES;
				CLANG_WARN_ENUM_CONVERSION = YES;
				CLANG_WARN_INT_CONVERSION = YES;
				CLANG_WARN_OBJC_ROOT_CLASS = YES_ERROR;
				CLANG_WARN_UNREACHABLE_CODE = YES;
				CLANG_WARN__DUPLICATE_METHOD_MATCH = YES;
				"CODE_SIGN_IDENTITY[sdk=iphoneos*]" = "iPhone Developer";
				COPY_PHASE_STRIP = NO;
				DEBUG_INFORMATION_FORMAT = dwarf;
				ENABLE_STRICT_OBJC_MSGSEND = YES;
				ENABLE_TESTABILITY = YES;
				GCC_C_LANGUAGE_STANDARD = gnu99;
				GCC_DYNAMIC_NO_PIC = NO;
				GCC_NO_COMMON_BLOCKS = YES;
				GCC_OPTIMIZATION_LEVEL = 0;
				GCC_PREPROCESSOR_DEFINITIONS = (
					"DEBUG=1",
					"$(inherited)",
				);
				GCC_WARN_64_TO_32_BIT_CONVERSION = YES;
				GCC_WARN_ABOUT_RETURN_TYPE = YES_ERROR;
				GCC_WARN_UNDECLARED_SELECTOR = YES;
				GCC_WARN_UNINITIALIZED_AUTOS = YES_AGGRESSIVE;
				GCC_WARN_UNUSED_FUNCTION = YES;
				GCC_WARN_UNUSED_VARIABLE = YES;
				IPHONEOS_DEPLOYMENT_TARGET = 9.3;
				MTL_ENABLE_DEBUG_INFO = YES;
				ONLY_ACTIVE_ARCH = YES;
				SDKROOT = iphoneos;
				SWIFT_OPTIMIZATION_LEVEL = "-Onone";
			};
			name = Debug;
		};
		AE6807FF1CE56F60004CFE60 /* Release */ = {
			isa = XCBuildConfiguration;
			buildSettings = {
				ALWAYS_SEARCH_USER_PATHS = NO;
				CLANG_ANALYZER_NONNULL = YES;
				CLANG_CXX_LANGUAGE_STANDARD = "gnu++0x";
				CLANG_CXX_LIBRARY = "libc++";
				CLANG_ENABLE_MODULES = YES;
				CLANG_ENABLE_OBJC_ARC = YES;
				CLANG_WARN_BOOL_CONVERSION = YES;
				CLANG_WARN_CONSTANT_CONVERSION = YES;
				CLANG_WARN_DIRECT_OBJC_ISA_USAGE = YES_ERROR;
				CLANG_WARN_EMPTY_BODY = YES;
				CLANG_WARN_ENUM_CONVERSION = YES;
				CLANG_WARN_INT_CONVERSION = YES;
				CLANG_WARN_OBJC_ROOT_CLASS = YES_ERROR;
				CLANG_WARN_UNREACHABLE_CODE = YES;
				CLANG_WARN__DUPLICATE_METHOD_MATCH = YES;
				"CODE_SIGN_IDENTITY[sdk=iphoneos*]" = "iPhone Developer";
				COPY_PHASE_STRIP = NO;
				DEBUG_INFORMATION_FORMAT = "dwarf-with-dsym";
				ENABLE_NS_ASSERTIONS = NO;
				ENABLE_STRICT_OBJC_MSGSEND = YES;
				GCC_C_LANGUAGE_STANDARD = gnu99;
				GCC_NO_COMMON_BLOCKS = YES;
				GCC_WARN_64_TO_32_BIT_CONVERSION = YES;
				GCC_WARN_ABOUT_RETURN_TYPE = YES_ERROR;
				GCC_WARN_UNDECLARED_SELECTOR = YES;
				GCC_WARN_UNINITIALIZED_AUTOS = YES_AGGRESSIVE;
				GCC_WARN_UNUSED_FUNCTION = YES;
				GCC_WARN_UNUSED_VARIABLE = YES;
				IPHONEOS_DEPLOYMENT_TARGET = 9.3;
				MTL_ENABLE_DEBUG_INFO = NO;
				SDKROOT = iphoneos;
				VALIDATE_PRODUCT = YES;
			};
			name = Release;
		};
		AE6808011CE56F60004CFE60 /* Debug */ = {
			isa = XCBuildConfiguration;
			baseConfigurationReference = D1FFA2C9C97360C54A165A27 /* Pods-oweUone.debug.xcconfig */;
			buildSettings = {
				ASSETCATALOG_COMPILER_APPICON_NAME = AppIcon;
				INFOPLIST_FILE = oweUone/Info.plist;
				LD_RUNPATH_SEARCH_PATHS = "$(inherited) @executable_path/Frameworks";
				PRODUCT_BUNDLE_IDENTIFIER = "INFO498-iOS.oweUone";
				PRODUCT_NAME = "$(TARGET_NAME)";
			};
			name = Debug;
		};
		AE6808021CE56F60004CFE60 /* Release */ = {
			isa = XCBuildConfiguration;
			baseConfigurationReference = 87B46851F2FB9F34F5DCBBCD /* Pods-oweUone.release.xcconfig */;
			buildSettings = {
				ASSETCATALOG_COMPILER_APPICON_NAME = AppIcon;
				INFOPLIST_FILE = oweUone/Info.plist;
				LD_RUNPATH_SEARCH_PATHS = "$(inherited) @executable_path/Frameworks";
				PRODUCT_BUNDLE_IDENTIFIER = "INFO498-iOS.oweUone";
				PRODUCT_NAME = "$(TARGET_NAME)";
			};
			name = Release;
		};
		AE6808041CE56F60004CFE60 /* Debug */ = {
			isa = XCBuildConfiguration;
			baseConfigurationReference = 7740061A11A1743BEF3342D3 /* Pods-oweUoneTests.debug.xcconfig */;
			buildSettings = {
				BUNDLE_LOADER = "$(TEST_HOST)";
				INFOPLIST_FILE = oweUoneTests/Info.plist;
				LD_RUNPATH_SEARCH_PATHS = "$(inherited) @executable_path/Frameworks @loader_path/Frameworks";
				PRODUCT_BUNDLE_IDENTIFIER = "INFO498-iOS.oweUoneTests";
				PRODUCT_NAME = "$(TARGET_NAME)";
				TEST_HOST = "$(BUILT_PRODUCTS_DIR)/oweUone.app/oweUone";
			};
			name = Debug;
		};
		AE6808051CE56F60004CFE60 /* Release */ = {
			isa = XCBuildConfiguration;
			baseConfigurationReference = F6F56D844ABE508C71D7FA0B /* Pods-oweUoneTests.release.xcconfig */;
			buildSettings = {
				BUNDLE_LOADER = "$(TEST_HOST)";
				INFOPLIST_FILE = oweUoneTests/Info.plist;
				LD_RUNPATH_SEARCH_PATHS = "$(inherited) @executable_path/Frameworks @loader_path/Frameworks";
				PRODUCT_BUNDLE_IDENTIFIER = "INFO498-iOS.oweUoneTests";
				PRODUCT_NAME = "$(TARGET_NAME)";
				TEST_HOST = "$(BUILT_PRODUCTS_DIR)/oweUone.app/oweUone";
			};
			name = Release;
		};
		AE6808071CE56F60004CFE60 /* Debug */ = {
			isa = XCBuildConfiguration;
			baseConfigurationReference = 0BB82745D64DAFBC9B15E2D9 /* Pods-oweUoneUITests.debug.xcconfig */;
			buildSettings = {
				INFOPLIST_FILE = oweUoneUITests/Info.plist;
				LD_RUNPATH_SEARCH_PATHS = "$(inherited) @executable_path/Frameworks @loader_path/Frameworks";
				PRODUCT_BUNDLE_IDENTIFIER = "INFO498-iOS.oweUoneUITests";
				PRODUCT_NAME = "$(TARGET_NAME)";
				TEST_TARGET_NAME = oweUone;
			};
			name = Debug;
		};
		AE6808081CE56F60004CFE60 /* Release */ = {
			isa = XCBuildConfiguration;
			baseConfigurationReference = 452191D7488799BB4BA33FF8 /* Pods-oweUoneUITests.release.xcconfig */;
			buildSettings = {
				INFOPLIST_FILE = oweUoneUITests/Info.plist;
				LD_RUNPATH_SEARCH_PATHS = "$(inherited) @executable_path/Frameworks @loader_path/Frameworks";
				PRODUCT_BUNDLE_IDENTIFIER = "INFO498-iOS.oweUoneUITests";
				PRODUCT_NAME = "$(TARGET_NAME)";
				TEST_TARGET_NAME = oweUone;
			};
			name = Release;
		};
/* End XCBuildConfiguration section */

/* Begin XCConfigurationList section */
		AE6807D31CE56F60004CFE60 /* Build configuration list for PBXProject "oweUone" */ = {
			isa = XCConfigurationList;
			buildConfigurations = (
				AE6807FE1CE56F60004CFE60 /* Debug */,
				AE6807FF1CE56F60004CFE60 /* Release */,
			);
			defaultConfigurationIsVisible = 0;
			defaultConfigurationName = Release;
		};
		AE6808001CE56F60004CFE60 /* Build configuration list for PBXNativeTarget "oweUone" */ = {
			isa = XCConfigurationList;
			buildConfigurations = (
				AE6808011CE56F60004CFE60 /* Debug */,
				AE6808021CE56F60004CFE60 /* Release */,
			);
			defaultConfigurationIsVisible = 0;
			defaultConfigurationName = Release;
		};
		AE6808031CE56F60004CFE60 /* Build configuration list for PBXNativeTarget "oweUoneTests" */ = {
			isa = XCConfigurationList;
			buildConfigurations = (
				AE6808041CE56F60004CFE60 /* Debug */,
				AE6808051CE56F60004CFE60 /* Release */,
			);
			defaultConfigurationIsVisible = 0;
			defaultConfigurationName = Release;
		};
		AE6808061CE56F60004CFE60 /* Build configuration list for PBXNativeTarget "oweUoneUITests" */ = {
			isa = XCConfigurationList;
			buildConfigurations = (
				AE6808071CE56F60004CFE60 /* Debug */,
				AE6808081CE56F60004CFE60 /* Release */,
			);
			defaultConfigurationIsVisible = 0;
			defaultConfigurationName = Release;
		};
/* End XCConfigurationList section */
	};
	rootObject = AE6807D01CE56F60004CFE60 /* Project object */;
}
